
Microsoft Visual Studio Solution File, Format Version 12.00
# Visual Studio 2013
VisualStudioVersion = 12.0.31101.0
MinimumVisualStudioVersion = 10.0.40219.1
Project("{2150E333-8FDC-42A3-9474-1A3956D46DE8}") = ".nuget", ".nuget", "{94265D72-4894-4528-948B-E498CE4FDB71}"
	ProjectSection(SolutionItems) = preProject
		.nuget\NuGet.Config = .nuget\NuGet.Config
		.nuget\NuGet.exe = .nuget\NuGet.exe
		.nuget\NuGet.targets = .nuget\NuGet.targets
	EndProjectSection
EndProject
Project("{FAE04EC0-301F-11D3-BF4B-00C04F79EFBC}") = "TFS-VSTS-Migrate", "TFS-VSTS-Migrate\TFS-VSTS-Migrate.csproj", "{2B1D7C3C-C2F7-44D9-8973-39BFFB9749BF}"
EndProject
Global
	GlobalSection(SolutionConfigurationPlatforms) = preSolution
		Debug|Any CPU = Debug|Any CPU
		Release|Any CPU = Release|Any CPU
	EndGlobalSection
	GlobalSection(ProjectConfigurationPlatforms) = postSolution
		{2B1D7C3C-C2F7-44D9-8973-39BFFB9749BF}.Debug|Any CPU.ActiveCfg = Debug|Any CPU
		{2B1D7C3C-C2F7-44D9-8973-39BFFB9749BF}.Debug|Any CPU.Build.0 = Debug|Any CPU
		{2B1D7C3C-C2F7-44D9-8973-39BFFB9749BF}.Release|Any CPU.ActiveCfg = Release|Any CPU
		{2B1D7C3C-C2F7-44D9-8973-39BFFB9749BF}.Release|Any CPU.Build.0 = Release|Any CPU
	EndGlobalSection
	GlobalSection(SolutionProperties) = preSolution
		HideSolutionNode = FALSE
	EndGlobalSection
EndGlobal
